
Microsoft Visual Studio Solution File, Format Version 12.00
# Visual Studio Version 16
VisualStudioVersion = 16.0.30204.135
MinimumVisualStudioVersion = 10.0.40219.1
Project("{9A19103F-16F7-4668-BE54-9A1E7A4F7556}") = "Stravaig.Gedcom", "Stravaig.Gedcom\Stravaig.Gedcom.csproj", "{E437AE89-A76A-4F36-A394-BCC737E11E13}"
EndProject
Project("{9A19103F-16F7-4668-BE54-9A1E7A4F7556}") = "Stravaig.Gedcom.UnitTests", "Stravaig.Gedcom.UnitTests\Stravaig.Gedcom.UnitTests.csproj", "{6561D63D-F21C-4621-A735-104FED4881CD}"
EndProject
Project("{9A19103F-16F7-4668-BE54-9A1E7A4F7556}") = "Stravaig.FamilyTreeGenerator", "Stravaig.FamilyTreeGenerator\Stravaig.FamilyTreeGenerator.csproj", "{AAFF692E-54EF-4D33-816F-81D5ED89BA2D}"
EndProject
Project("{9A19103F-16F7-4668-BE54-9A1E7A4F7556}") = "Stravaig.FamilyTreeGenerator.Tests", "Stravaig.FamilyTreeGenerator.Tests\Stravaig.FamilyTreeGenerator.Tests.csproj", "{37364718-BF47-4909-AC3E-095F0DFF7780}"
EndProject
Project("{9A19103F-16F7-4668-BE54-9A1E7A4F7556}") = "Stravaig.FamilyTree.Common", "Stravaig.FamilyTree.Common\Stravaig.FamilyTree.Common.csproj", "{80CCDAB9-284D-44F9-8A9F-69F916C34E58}"
EndProject
Project("{FAE04EC0-301F-11D3-BF4B-00C04F79EFBC}") = "Stravaig.FamilyTree.Standardiser", "Stravaig.FamilyTree.Standardiser\Stravaig.FamilyTree.Standardiser.csproj", "{DB98E280-0598-41B5-B864-72385BD08519}"
EndProject
Project("{FAE04EC0-301F-11D3-BF4B-00C04F79EFBC}") = "Stravaig.FamilyTree.Standardiser.UnitTests", "Stravaig.FamilyTree.Standardiser.UnitTests\Stravaig.FamilyTree.Standardiser.UnitTests.csproj", "{376ADE5A-8203-4B50-A15E-9F33E703B36D}"
EndProject
Project("{2150E333-8FDC-42A3-9474-1A3956D46DE8}") = "Tests", "Tests", "{CB5236BE-06C2-4FF1-895C-634DDBF3413F}"
EndProject
Project("{FAE04EC0-301F-11D3-BF4B-00C04F79EFBC}") = "Stravaig.Gedcom.PowerShell", "Stravaig.Gedcom.PowerShell\Stravaig.Gedcom.PowerShell.csproj", "{EB81C74C-8593-4760-9080-D34A562041EC}"
EndProject
Global
	GlobalSection(SolutionConfigurationPlatforms) = preSolution
		Debug|Any CPU = Debug|Any CPU
		Release|Any CPU = Release|Any CPU
	EndGlobalSection
	GlobalSection(ProjectConfigurationPlatforms) = postSolution
		{E437AE89-A76A-4F36-A394-BCC737E11E13}.Debug|Any CPU.ActiveCfg = Debug|Any CPU
		{E437AE89-A76A-4F36-A394-BCC737E11E13}.Debug|Any CPU.Build.0 = Debug|Any CPU
		{E437AE89-A76A-4F36-A394-BCC737E11E13}.Release|Any CPU.ActiveCfg = Release|Any CPU
		{E437AE89-A76A-4F36-A394-BCC737E11E13}.Release|Any CPU.Build.0 = Release|Any CPU
		{6561D63D-F21C-4621-A735-104FED4881CD}.Debug|Any CPU.ActiveCfg = Debug|Any CPU
		{6561D63D-F21C-4621-A735-104FED4881CD}.Debug|Any CPU.Build.0 = Debug|Any CPU
		{6561D63D-F21C-4621-A735-104FED4881CD}.Release|Any CPU.ActiveCfg = Release|Any CPU
		{6561D63D-F21C-4621-A735-104FED4881CD}.Release|Any CPU.Build.0 = Release|Any CPU
		{AAFF692E-54EF-4D33-816F-81D5ED89BA2D}.Debug|Any CPU.ActiveCfg = Debug|Any CPU
		{AAFF692E-54EF-4D33-816F-81D5ED89BA2D}.Debug|Any CPU.Build.0 = Debug|Any CPU
		{AAFF692E-54EF-4D33-816F-81D5ED89BA2D}.Release|Any CPU.ActiveCfg = Release|Any CPU
		{AAFF692E-54EF-4D33-816F-81D5ED89BA2D}.Release|Any CPU.Build.0 = Release|Any CPU
		{37364718-BF47-4909-AC3E-095F0DFF7780}.Debug|Any CPU.ActiveCfg = Debug|Any CPU
		{37364718-BF47-4909-AC3E-095F0DFF7780}.Debug|Any CPU.Build.0 = Debug|Any CPU
		{37364718-BF47-4909-AC3E-095F0DFF7780}.Release|Any CPU.ActiveCfg = Release|Any CPU
		{37364718-BF47-4909-AC3E-095F0DFF7780}.Release|Any CPU.Build.0 = Release|Any CPU
		{80CCDAB9-284D-44F9-8A9F-69F916C34E58}.Debug|Any CPU.ActiveCfg = Debug|Any CPU
		{80CCDAB9-284D-44F9-8A9F-69F916C34E58}.Debug|Any CPU.Build.0 = Debug|Any CPU
		{80CCDAB9-284D-44F9-8A9F-69F916C34E58}.Release|Any CPU.ActiveCfg = Release|Any CPU
		{80CCDAB9-284D-44F9-8A9F-69F916C34E58}.Release|Any CPU.Build.0 = Release|Any CPU
		{DB98E280-0598-41B5-B864-72385BD08519}.Debug|Any CPU.ActiveCfg = Debug|Any CPU
		{DB98E280-0598-41B5-B864-72385BD08519}.Debug|Any CPU.Build.0 = Debug|Any CPU
		{DB98E280-0598-41B5-B864-72385BD08519}.Release|Any CPU.ActiveCfg = Release|Any CPU
		{DB98E280-0598-41B5-B864-72385BD08519}.Release|Any CPU.Build.0 = Release|Any CPU
		{376ADE5A-8203-4B50-A15E-9F33E703B36D}.Debug|Any CPU.ActiveCfg = Debug|Any CPU
		{376ADE5A-8203-4B50-A15E-9F33E703B36D}.Debug|Any CPU.Build.0 = Debug|Any CPU
		{376ADE5A-8203-4B50-A15E-9F33E703B36D}.Release|Any CPU.ActiveCfg = Release|Any CPU
		{376ADE5A-8203-4B50-A15E-9F33E703B36D}.Release|Any CPU.Build.0 = Release|Any CPU
		{EB81C74C-8593-4760-9080-D34A562041EC}.Debug|Any CPU.ActiveCfg = Debug|Any CPU
		{EB81C74C-8593-4760-9080-D34A562041EC}.Debug|Any CPU.Build.0 = Debug|Any CPU
		{EB81C74C-8593-4760-9080-D34A562041EC}.Release|Any CPU.ActiveCfg = Release|Any CPU
		{EB81C74C-8593-4760-9080-D34A562041EC}.Release|Any CPU.Build.0 = Release|Any CPU
	EndGlobalSection
	GlobalSection(SolutionProperties) = preSolution
		HideSolutionNode = FALSE
	EndGlobalSection
	GlobalSection(ExtensibilityGlobals) = postSolution
		SolutionGuid = {99D8657F-CCEC-4E60-A5ED-EE87F4581C27}
	EndGlobalSection
	GlobalSection(NestedProjects) = preSolution
		{6561D63D-F21C-4621-A735-104FED4881CD} = {CB5236BE-06C2-4FF1-895C-634DDBF3413F}
		{376ADE5A-8203-4B50-A15E-9F33E703B36D} = {CB5236BE-06C2-4FF1-895C-634DDBF3413F}
	EndGlobalSection
EndGlobal
